
Microsoft Visual Studio Solution File, Format Version 12.00
# Visual Studio Version 16
VisualStudioVersion = 16.0.28803.202
MinimumVisualStudioVersion = 10.0.40219.1
Project("{FAE04EC0-301F-11D3-BF4B-00C04F79EFBC}") = "FPV Video Manager", "FPV Video Manager\FPV Video Manager.csproj", "{86DE2963-8A1C-4E45-9730-07F8EB1C1F0D}"
EndProject
Project("{9A19103F-16F7-4668-BE54-9A1E7A4F7556}") = "Engine", "Engine\Engine.csproj", "{C783D12D-8EC7-4967-9F75-127A2CD7D75C}"
EndProject
Project("{54435603-DBB4-11D2-8724-00A0C9A8B90C}") = "Installer", "Installer\Installer.vdproj", "{8FBC2D3F-E8EF-4F7D-8BF1-59265A4D7541}"
EndProject
Project("{FAE04EC0-301F-11D3-BF4B-00C04F79EFBC}") = "InterlacingLayer", "InterlacingLayer\InterlacingLayer.csproj", "{F48D320C-F3C3-4F4B-AF0A-C4F3231CD002}"
EndProject
Global
	GlobalSection(SolutionConfigurationPlatforms) = preSolution
		Debug|Any CPU = Debug|Any CPU
		Release|Any CPU = Release|Any CPU
	EndGlobalSection
	GlobalSection(ProjectConfigurationPlatforms) = postSolution
		{86DE2963-8A1C-4E45-9730-07F8EB1C1F0D}.Debug|Any CPU.ActiveCfg = Debug|Any CPU
		{86DE2963-8A1C-4E45-9730-07F8EB1C1F0D}.Debug|Any CPU.Build.0 = Debug|Any CPU
		{86DE2963-8A1C-4E45-9730-07F8EB1C1F0D}.Release|Any CPU.ActiveCfg = Release|Any CPU
		{86DE2963-8A1C-4E45-9730-07F8EB1C1F0D}.Release|Any CPU.Build.0 = Release|Any CPU
		{C783D12D-8EC7-4967-9F75-127A2CD7D75C}.Debug|Any CPU.ActiveCfg = Debug|Any CPU
		{C783D12D-8EC7-4967-9F75-127A2CD7D75C}.Debug|Any CPU.Build.0 = Debug|Any CPU
		{C783D12D-8EC7-4967-9F75-127A2CD7D75C}.Release|Any CPU.ActiveCfg = Release|Any CPU
		{C783D12D-8EC7-4967-9F75-127A2CD7D75C}.Release|Any CPU.Build.0 = Release|Any CPU
		{8FBC2D3F-E8EF-4F7D-8BF1-59265A4D7541}.Debug|Any CPU.ActiveCfg = Debug
		{8FBC2D3F-E8EF-4F7D-8BF1-59265A4D7541}.Debug|Any CPU.Build.0 = Debug
		{8FBC2D3F-E8EF-4F7D-8BF1-59265A4D7541}.Release|Any CPU.ActiveCfg = Release
		{F48D320C-F3C3-4F4B-AF0A-C4F3231CD002}.Debug|Any CPU.ActiveCfg = Debug|Any CPU
		{F48D320C-F3C3-4F4B-AF0A-C4F3231CD002}.Debug|Any CPU.Build.0 = Debug|Any CPU
		{F48D320C-F3C3-4F4B-AF0A-C4F3231CD002}.Release|Any CPU.ActiveCfg = Release|Any CPU
		{F48D320C-F3C3-4F4B-AF0A-C4F3231CD002}.Release|Any CPU.Build.0 = Release|Any CPU
	EndGlobalSection
	GlobalSection(SolutionProperties) = preSolution
		HideSolutionNode = FALSE
	EndGlobalSection
	GlobalSection(ExtensibilityGlobals) = postSolution
		SolutionGuid = {2C240EC8-A839-4A68-B105-7D6B5893D5A2}
	EndGlobalSection
EndGlobal
